// !$*UTF8*$!
{
	archiveVersion = 1;
	classes = {
	};
	objectVersion = 55;
	objects = {

/* Begin PBXBuildFile section */
		6BAC11C827D0E98E00963290 /* VisualisingDataApp.swift in Sources */ = {isa = PBXBuildFile; fileRef = 6BAC11C727D0E98E00963290 /* VisualisingDataApp.swift */; };
		6BAC11CA27D0E98E00963290 /* ContentView.swift in Sources */ = {isa = PBXBuildFile; fileRef = 6BAC11C927D0E98E00963290 /* ContentView.swift */; };
		6BAC11CC27D0E99000963290 /* Assets.xcassets in Resources */ = {isa = PBXBuildFile; fileRef = 6BAC11CB27D0E99000963290 /* Assets.xcassets */; };
		6BAC11CF27D0E99000963290 /* Preview Assets.xcassets in Resources */ = {isa = PBXBuildFile; fileRef = 6BAC11CE27D0E99000963290 /* Preview Assets.xcassets */; };
		6BAC11D927D0E99100963290 /* VisualisingDataTests.swift in Sources */ = {isa = PBXBuildFile; fileRef = 6BAC11D827D0E99100963290 /* VisualisingDataTests.swift */; };
		6BAC11E327D0E99100963290 /* VisualisingDataUITests.swift in Sources */ = {isa = PBXBuildFile; fileRef = 6BAC11E227D0E99100963290 /* VisualisingDataUITests.swift */; };
		6BAC11E527D0E99100963290 /* VisualisingDataUITestsLaunchTests.swift in Sources */ = {isa = PBXBuildFile; fileRef = 6BAC11E427D0E99100963290 /* VisualisingDataUITestsLaunchTests.swift */; };
		6BAC11F327D0E9E800963290 /* Stack.swift in Sources */ = {isa = PBXBuildFile; fileRef = 6BAC11F227D0E9E800963290 /* Stack.swift */; };
		6BAC11F827D0EDBA00963290 /* StackView.swift in Sources */ = {isa = PBXBuildFile; fileRef = 6BAC11F727D0EDBA00963290 /* StackView.swift */; };
		6BAC11FB27D0EF2E00963290 /* String.swift in Sources */ = {isa = PBXBuildFile; fileRef = 6BAC11FA27D0EF2E00963290 /* String.swift */; };
/* End PBXBuildFile section */

/* Begin PBXContainerItemProxy section */
		6BAC11D527D0E99100963290 /* PBXContainerItemProxy */ = {
			isa = PBXContainerItemProxy;
			containerPortal = 6BAC11BC27D0E98E00963290 /* Project object */;
			proxyType = 1;
			remoteGlobalIDString = 6BAC11C327D0E98E00963290;
			remoteInfo = VisualisingData;
		};
		6BAC11DF27D0E99100963290 /* PBXContainerItemProxy */ = {
			isa = PBXContainerItemProxy;
			containerPortal = 6BAC11BC27D0E98E00963290 /* Project object */;
			proxyType = 1;
			remoteGlobalIDString = 6BAC11C327D0E98E00963290;
			remoteInfo = VisualisingData;
		};
/* End PBXContainerItemProxy section */

/* Begin PBXFileReference section */
		6BAC11C427D0E98E00963290 /* VisualisingData.app */ = {isa = PBXFileReference; explicitFileType = wrapper.application; includeInIndex = 0; path = VisualisingData.app; sourceTree = BUILT_PRODUCTS_DIR; };
		6BAC11C727D0E98E00963290 /* VisualisingDataApp.swift */ = {isa = PBXFileReference; lastKnownFileType = sourcecode.swift; path = VisualisingDataApp.swift; sourceTree = "<group>"; };
		6BAC11C927D0E98E00963290 /* ContentView.swift */ = {isa = PBXFileReference; lastKnownFileType = sourcecode.swift; path = ContentView.swift; sourceTree = "<group>"; };
		6BAC11CB27D0E99000963290 /* Assets.xcassets */ = {isa = PBXFileReference; lastKnownFileType = folder.assetcatalog; path = Assets.xcassets; sourceTree = "<group>"; };
		6BAC11CE27D0E99000963290 /* Preview Assets.xcassets */ = {isa = PBXFileReference; lastKnownFileType = folder.assetcatalog; path = "Preview Assets.xcassets"; sourceTree = "<group>"; };
		6BAC11D427D0E99100963290 /* VisualisingDataTests.xctest */ = {isa = PBXFileReference; explicitFileType = wrapper.cfbundle; includeInIndex = 0; path = VisualisingDataTests.xctest; sourceTree = BUILT_PRODUCTS_DIR; };
		6BAC11D827D0E99100963290 /* VisualisingDataTests.swift */ = {isa = PBXFileReference; lastKnownFileType = sourcecode.swift; path = VisualisingDataTests.swift; sourceTree = "<group>"; };
		6BAC11DE27D0E99100963290 /* VisualisingDataUITests.xctest */ = {isa = PBXFileReference; explicitFileType = wrapper.cfbundle; includeInIndex = 0; path = VisualisingDataUITests.xctest; sourceTree = BUILT_PRODUCTS_DIR; };
		6BAC11E227D0E99100963290 /* VisualisingDataUITests.swift */ = {isa = PBXFileReference; lastKnownFileType = sourcecode.swift; path = VisualisingDataUITests.swift; sourceTree = "<group>"; };
		6BAC11E427D0E99100963290 /* VisualisingDataUITestsLaunchTests.swift */ = {isa = PBXFileReference; lastKnownFileType = sourcecode.swift; path = VisualisingDataUITestsLaunchTests.swift; sourceTree = "<group>"; };
		6BAC11F227D0E9E800963290 /* Stack.swift */ = {isa = PBXFileReference; lastKnownFileType = sourcecode.swift; path = Stack.swift; sourceTree = "<group>"; };
		6BAC11F727D0EDBA00963290 /* StackView.swift */ = {isa = PBXFileReference; lastKnownFileType = sourcecode.swift; path = StackView.swift; sourceTree = "<group>"; };
		6BAC11FA27D0EF2E00963290 /* String.swift */ = {isa = PBXFileReference; lastKnownFileType = sourcecode.swift; path = String.swift; sourceTree = "<group>"; };
/* End PBXFileReference section */

/* Begin PBXFrameworksBuildPhase section */
		6BAC11C127D0E98E00963290 /* Frameworks */ = {
			isa = PBXFrameworksBuildPhase;
			buildActionMask = 2147483647;
			files = (
			);
			runOnlyForDeploymentPostprocessing = 0;
		};
		6BAC11D127D0E99100963290 /* Frameworks */ = {
			isa = PBXFrameworksBuildPhase;
			buildActionMask = 2147483647;
			files = (
			);
			runOnlyForDeploymentPostprocessing = 0;
		};
		6BAC11DB27D0E99100963290 /* Frameworks */ = {
			isa = PBXFrameworksBuildPhase;
			buildActionMask = 2147483647;
			files = (
			);
			runOnlyForDeploymentPostprocessing = 0;
		};
/* End PBXFrameworksBuildPhase section */

/* Begin PBXGroup section */
		6BAC11BB27D0E98E00963290 = {
			isa = PBXGroup;
			children = (
				6BAC11C627D0E98E00963290 /* VisualisingData */,
				6BAC11D727D0E99100963290 /* VisualisingDataTests */,
				6BAC11E127D0E99100963290 /* VisualisingDataUITests */,
				6BAC11C527D0E98E00963290 /* Products */,
			);
			sourceTree = "<group>";
		};
		6BAC11C527D0E98E00963290 /* Products */ = {
			isa = PBXGroup;
			children = (
				6BAC11C427D0E98E00963290 /* VisualisingData.app */,
				6BAC11D427D0E99100963290 /* VisualisingDataTests.xctest */,
				6BAC11DE27D0E99100963290 /* VisualisingDataUITests.xctest */,
			);
			name = Products;
			sourceTree = "<group>";
		};
		6BAC11C627D0E98E00963290 /* VisualisingData */ = {
			isa = PBXGroup;
			children = (
				6BAC11F927D0EF1F00963290 /* Extensions */,
				6BAC11F427D0ED9A00963290 /* Views */,
				6BAC11F127D0E9DB00963290 /* Model */,
				6BAC11C727D0E98E00963290 /* VisualisingDataApp.swift */,
				6BAC11CB27D0E99000963290 /* Assets.xcassets */,
				6BAC11CD27D0E99000963290 /* Preview Content */,
			);
			path = VisualisingData;
			sourceTree = "<group>";
		};
		6BAC11CD27D0E99000963290 /* Preview Content */ = {
			isa = PBXGroup;
			children = (
				6BAC11CE27D0E99000963290 /* Preview Assets.xcassets */,
			);
			path = "Preview Content";
			sourceTree = "<group>";
		};
		6BAC11D727D0E99100963290 /* VisualisingDataTests */ = {
			isa = PBXGroup;
			children = (
				6BAC11D827D0E99100963290 /* VisualisingDataTests.swift */,
			);
			path = VisualisingDataTests;
			sourceTree = "<group>";
		};
		6BAC11E127D0E99100963290 /* VisualisingDataUITests */ = {
			isa = PBXGroup;
			children = (
				6BAC11E227D0E99100963290 /* VisualisingDataUITests.swift */,
				6BAC11E427D0E99100963290 /* VisualisingDataUITestsLaunchTests.swift */,
			);
			path = VisualisingDataUITests;
			sourceTree = "<group>";
		};
		6BAC11F127D0E9DB00963290 /* Model */ = {
			isa = PBXGroup;
			children = (
				6BAC11F227D0E9E800963290 /* Stack.swift */,
			);
			path = Model;
			sourceTree = "<group>";
		};
		6BAC11F427D0ED9A00963290 /* Views */ = {
			isa = PBXGroup;
			children = (
				6BAC11C927D0E98E00963290 /* ContentView.swift */,
				6BAC11F727D0EDBA00963290 /* StackView.swift */,
			);
			path = Views;
			sourceTree = "<group>";
		};
		6BAC11F927D0EF1F00963290 /* Extensions */ = {
			isa = PBXGroup;
			children = (
				6BAC11FA27D0EF2E00963290 /* String.swift */,
			);
			path = Extensions;
			sourceTree = "<group>";
		};
/* End PBXGroup section */

/* Begin PBXNativeTarget section */
		6BAC11C327D0E98E00963290 /* VisualisingData */ = {
			isa = PBXNativeTarget;
			buildConfigurationList = 6BAC11E827D0E99100963290 /* Build configuration list for PBXNativeTarget "VisualisingData" */;
			buildPhases = (
				6BAC11C027D0E98E00963290 /* Sources */,
				6BAC11C127D0E98E00963290 /* Frameworks */,
				6BAC11C227D0E98E00963290 /* Resources */,
			);
			buildRules = (
			);
			dependencies = (
			);
			name = VisualisingData;
			productName = VisualisingData;
			productReference = 6BAC11C427D0E98E00963290 /* VisualisingData.app */;
			productType = "com.apple.product-type.application";
		};
		6BAC11D327D0E99100963290 /* VisualisingDataTests */ = {
			isa = PBXNativeTarget;
			buildConfigurationList = 6BAC11EB27D0E99100963290 /* Build configuration list for PBXNativeTarget "VisualisingDataTests" */;
			buildPhases = (
				6BAC11D027D0E99100963290 /* Sources */,
				6BAC11D127D0E99100963290 /* Frameworks */,
				6BAC11D227D0E99100963290 /* Resources */,
			);
			buildRules = (
			);
			dependencies = (
				6BAC11D627D0E99100963290 /* PBXTargetDependency */,
			);
			name = VisualisingDataTests;
			productName = VisualisingDataTests;
			productReference = 6BAC11D427D0E99100963290 /* VisualisingDataTests.xctest */;
			productType = "com.apple.product-type.bundle.unit-test";
		};
		6BAC11DD27D0E99100963290 /* VisualisingDataUITests */ = {
			isa = PBXNativeTarget;
			buildConfigurationList = 6BAC11EE27D0E99100963290 /* Build configuration list for PBXNativeTarget "VisualisingDataUITests" */;
			buildPhases = (
				6BAC11DA27D0E99100963290 /* Sources */,
				6BAC11DB27D0E99100963290 /* Frameworks */,
				6BAC11DC27D0E99100963290 /* Resources */,
			);
			buildRules = (
			);
			dependencies = (
				6BAC11E027D0E99100963290 /* PBXTargetDependency */,
			);
			name = VisualisingDataUITests;
			productName = VisualisingDataUITests;
			productReference = 6BAC11DE27D0E99100963290 /* VisualisingDataUITests.xctest */;
			productType = "com.apple.product-type.bundle.ui-testing";
		};
/* End PBXNativeTarget section */

/* Begin PBXProject section */
		6BAC11BC27D0E98E00963290 /* Project object */ = {
			isa = PBXProject;
			attributes = {
				BuildIndependentTargetsInParallel = 1;
				LastSwiftUpdateCheck = 1320;
				LastUpgradeCheck = 1320;
				TargetAttributes = {
					6BAC11C327D0E98E00963290 = {
						CreatedOnToolsVersion = 13.2.1;
					};
					6BAC11D327D0E99100963290 = {
						CreatedOnToolsVersion = 13.2.1;
						TestTargetID = 6BAC11C327D0E98E00963290;
					};
					6BAC11DD27D0E99100963290 = {
						CreatedOnToolsVersion = 13.2.1;
						TestTargetID = 6BAC11C327D0E98E00963290;
					};
				};
			};
			buildConfigurationList = 6BAC11BF27D0E98E00963290 /* Build configuration list for PBXProject "VisualisingData" */;
			compatibilityVersion = "Xcode 13.0";
			developmentRegion = en;
			hasScannedForEncodings = 0;
			knownRegions = (
				en,
				Base,
			);
			mainGroup = 6BAC11BB27D0E98E00963290;
			productRefGroup = 6BAC11C527D0E98E00963290 /* Products */;
			projectDirPath = "";
			projectRoot = "";
			targets = (
				6BAC11C327D0E98E00963290 /* VisualisingData */,
				6BAC11D327D0E99100963290 /* VisualisingDataTests */,
				6BAC11DD27D0E99100963290 /* VisualisingDataUITests */,
			);
		};
/* End PBXProject section */

/* Begin PBXResourcesBuildPhase section */
		6BAC11C227D0E98E00963290 /* Resources */ = {
			isa = PBXResourcesBuildPhase;
			buildActionMask = 2147483647;
			files = (
				6BAC11CF27D0E99000963290 /* Preview Assets.xcassets in Resources */,
				6BAC11CC27D0E99000963290 /* Assets.xcassets in Resources */,
			);
			runOnlyForDeploymentPostprocessing = 0;
		};
		6BAC11D227D0E99100963290 /* Resources */ = {
			isa = PBXResourcesBuildPhase;
			buildActionMask = 2147483647;
			files = (
			);
			runOnlyForDeploymentPostprocessing = 0;
		};
		6BAC11DC27D0E99100963290 /* Resources */ = {
			isa = PBXResourcesBuildPhase;
			buildActionMask = 2147483647;
			files = (
			);
			runOnlyForDeploymentPostprocessing = 0;
		};
/* End PBXResourcesBuildPhase section */

/* Begin PBXSourcesBuildPhase section */
		6BAC11C027D0E98E00963290 /* Sources */ = {
			isa = PBXSourcesBuildPhase;
			buildActionMask = 2147483647;
			files = (
				6BAC11CA27D0E98E00963290 /* ContentView.swift in Sources */,
				6BAC11F327D0E9E800963290 /* Stack.swift in Sources */,
				6BAC11FB27D0EF2E00963290 /* String.swift in Sources */,
				6BAC11C827D0E98E00963290 /* VisualisingDataApp.swift in Sources */,
				6BAC11F827D0EDBA00963290 /* StackView.swift in Sources */,
			);
			runOnlyForDeploymentPostprocessing = 0;
		};
		6BAC11D027D0E99100963290 /* Sources */ = {
			isa = PBXSourcesBuildPhase;
			buildActionMask = 2147483647;
			files = (
				6BAC11D927D0E99100963290 /* VisualisingDataTests.swift in Sources */,
			);
			runOnlyForDeploymentPostprocessing = 0;
		};
		6BAC11DA27D0E99100963290 /* Sources */ = {
			isa = PBXSourcesBuildPhase;
			buildActionMask = 2147483647;
			files = (
				6BAC11E327D0E99100963290 /* VisualisingDataUITests.swift in Sources */,
				6BAC11E527D0E99100963290 /* VisualisingDataUITestsLaunchTests.swift in Sources */,
			);
			runOnlyForDeploymentPostprocessing = 0;
		};
/* End PBXSourcesBuildPhase section */

/* Begin PBXTargetDependency section */
		6BAC11D627D0E99100963290 /* PBXTargetDependency */ = {
			isa = PBXTargetDependency;
			target = 6BAC11C327D0E98E00963290 /* VisualisingData */;
			targetProxy = 6BAC11D527D0E99100963290 /* PBXContainerItemProxy */;
		};
		6BAC11E027D0E99100963290 /* PBXTargetDependency */ = {
			isa = PBXTargetDependency;
			target = 6BAC11C327D0E98E00963290 /* VisualisingData */;
			targetProxy = 6BAC11DF27D0E99100963290 /* PBXContainerItemProxy */;
		};
/* End PBXTargetDependency section */

/* Begin XCBuildConfiguration section */
		6BAC11E627D0E99100963290 /* Debug */ = {
			isa = XCBuildConfiguration;
			buildSettings = {
				ALWAYS_SEARCH_USER_PATHS = NO;
				CLANG_ANALYZER_NONNULL = YES;
				CLANG_ANALYZER_NUMBER_OBJECT_CONVERSION = YES_AGGRESSIVE;
				CLANG_CXX_LANGUAGE_STANDARD = "gnu++17";
				CLANG_CXX_LIBRARY = "libc++";
				CLANG_ENABLE_MODULES = YES;
				CLANG_ENABLE_OBJC_ARC = YES;
				CLANG_ENABLE_OBJC_WEAK = YES;
				CLANG_WARN_BLOCK_CAPTURE_AUTORELEASING = YES;
				CLANG_WARN_BOOL_CONVERSION = YES;
				CLANG_WARN_COMMA = YES;
				CLANG_WARN_CONSTANT_CONVERSION = YES;
				CLANG_WARN_DEPRECATED_OBJC_IMPLEMENTATIONS = YES;
				CLANG_WARN_DIRECT_OBJC_ISA_USAGE = YES_ERROR;
				CLANG_WARN_DOCUMENTATION_COMMENTS = YES;
				CLANG_WARN_EMPTY_BODY = YES;
				CLANG_WARN_ENUM_CONVERSION = YES;
				CLANG_WARN_INFINITE_RECURSION = YES;
				CLANG_WARN_INT_CONVERSION = YES;
				CLANG_WARN_NON_LITERAL_NULL_CONVERSION = YES;
				CLANG_WARN_OBJC_IMPLICIT_RETAIN_SELF = YES;
				CLANG_WARN_OBJC_LITERAL_CONVERSION = YES;
				CLANG_WARN_OBJC_ROOT_CLASS = YES_ERROR;
				CLANG_WARN_QUOTED_INCLUDE_IN_FRAMEWORK_HEADER = YES;
				CLANG_WARN_RANGE_LOOP_ANALYSIS = YES;
				CLANG_WARN_STRICT_PROTOTYPES = YES;
				CLANG_WARN_SUSPICIOUS_MOVE = YES;
				CLANG_WARN_UNGUARDED_AVAILABILITY = YES_AGGRESSIVE;
				CLANG_WARN_UNREACHABLE_CODE = YES;
				CLANG_WARN__DUPLICATE_METHOD_MATCH = YES;
				COPY_PHASE_STRIP = NO;
				DEBUG_INFORMATION_FORMAT = dwarf;
				ENABLE_STRICT_OBJC_MSGSEND = YES;
				ENABLE_TESTABILITY = YES;
				GCC_C_LANGUAGE_STANDARD = gnu11;
				GCC_DYNAMIC_NO_PIC = NO;
				GCC_NO_COMMON_BLOCKS = YES;
				GCC_OPTIMIZATION_LEVEL = 0;
				GCC_PREPROCESSOR_DEFINITIONS = (
					"DEBUG=1",
					"$(inherited)",
				);
				GCC_WARN_64_TO_32_BIT_CONVERSION = YES;
				GCC_WARN_ABOUT_RETURN_TYPE = YES_ERROR;
				GCC_WARN_UNDECLARED_SELECTOR = YES;
				GCC_WARN_UNINITIALIZED_AUTOS = YES_AGGRESSIVE;
				GCC_WARN_UNUSED_FUNCTION = YES;
				GCC_WARN_UNUSED_VARIABLE = YES;
				IPHONEOS_DEPLOYMENT_TARGET = 15.2;
				MTL_ENABLE_DEBUG_INFO = INCLUDE_SOURCE;
				MTL_FAST_MATH = YES;
				ONLY_ACTIVE_ARCH = YES;
				SDKROOT = iphoneos;
				SWIFT_ACTIVE_COMPILATION_CONDITIONS = DEBUG;
				SWIFT_OPTIMIZATION_LEVEL = "-Onone";
			};
			name = Debug;
		};
		6BAC11E727D0E99100963290 /* Release */ = {
			isa = XCBuildConfiguration;
			buildSettings = {
				ALWAYS_SEARCH_USER_PATHS = NO;
				CLANG_ANALYZER_NONNULL = YES;
				CLANG_ANALYZER_NUMBER_OBJECT_CONVERSION = YES_AGGRESSIVE;
				CLANG_CXX_LANGUAGE_STANDARD = "gnu++17";
				CLANG_CXX_LIBRARY = "libc++";
				CLANG_ENABLE_MODULES = YES;
				CLANG_ENABLE_OBJC_ARC = YES;
				CLANG_ENABLE_OBJC_WEAK = YES;
				CLANG_WARN_BLOCK_CAPTURE_AUTORELEASING = YES;
				CLANG_WARN_BOOL_CONVERSION = YES;
				CLANG_WARN_COMMA = YES;
				CLANG_WARN_CONSTANT_CONVERSION = YES;
				CLANG_WARN_DEPRECATED_OBJC_IMPLEMENTATIONS = YES;
				CLANG_WARN_DIRECT_OBJC_ISA_USAGE = YES_ERROR;
				CLANG_WARN_DOCUMENTATION_COMMENTS = YES;
				CLANG_WARN_EMPTY_BODY = YES;
				CLANG_WARN_ENUM_CONVERSION = YES;
				CLANG_WARN_INFINITE_RECURSION = YES;
				CLANG_WARN_INT_CONVERSION = YES;
				CLANG_WARN_NON_LITERAL_NULL_CONVERSION = YES;
				CLANG_WARN_OBJC_IMPLICIT_RETAIN_SELF = YES;
				CLANG_WARN_OBJC_LITERAL_CONVERSION = YES;
				CLANG_WARN_OBJC_ROOT_CLASS = YES_ERROR;
				CLANG_WARN_QUOTED_INCLUDE_IN_FRAMEWORK_HEADER = YES;
				CLANG_WARN_RANGE_LOOP_ANALYSIS = YES;
				CLANG_WARN_STRICT_PROTOTYPES = YES;
				CLANG_WARN_SUSPICIOUS_MOVE = YES;
				CLANG_WARN_UNGUARDED_AVAILABILITY = YES_AGGRESSIVE;
				CLANG_WARN_UNREACHABLE_CODE = YES;
				CLANG_WARN__DUPLICATE_METHOD_MATCH = YES;
				COPY_PHASE_STRIP = NO;
				DEBUG_INFORMATION_FORMAT = "dwarf-with-dsym";
				ENABLE_NS_ASSERTIONS = NO;
				ENABLE_STRICT_OBJC_MSGSEND = YES;
				GCC_C_LANGUAGE_STANDARD = gnu11;
				GCC_NO_COMMON_BLOCKS = YES;
				GCC_WARN_64_TO_32_BIT_CONVERSION = YES;
				GCC_WARN_ABOUT_RETURN_TYPE = YES_ERROR;
				GCC_WARN_UNDECLARED_SELECTOR = YES;
				GCC_WARN_UNINITIALIZED_AUTOS = YES_AGGRESSIVE;
				GCC_WARN_UNUSED_FUNCTION = YES;
				GCC_WARN_UNUSED_VARIABLE = YES;
				IPHONEOS_DEPLOYMENT_TARGET = 15.2;
				MTL_ENABLE_DEBUG_INFO = NO;
				MTL_FAST_MATH = YES;
				SDKROOT = iphoneos;
				SWIFT_COMPILATION_MODE = wholemodule;
				SWIFT_OPTIMIZATION_LEVEL = "-O";
				VALIDATE_PRODUCT = YES;
			};
			name = Release;
		};
		6BAC11E927D0E99100963290 /* Debug */ = {
			isa = XCBuildConfiguration;
			buildSettings = {
				ASSETCATALOG_COMPILER_APPICON_NAME = AppIcon;
				ASSETCATALOG_COMPILER_GLOBAL_ACCENT_COLOR_NAME = AccentColor;
				CODE_SIGN_STYLE = Automatic;
				CURRENT_PROJECT_VERSION = 1;
				DEVELOPMENT_ASSET_PATHS = "\"VisualisingData/Preview Content\"";
				ENABLE_PREVIEWS = YES;
				GENERATE_INFOPLIST_FILE = YES;
				INFOPLIST_KEY_UIApplicationSceneManifest_Generation = YES;
				INFOPLIST_KEY_UIApplicationSupportsIndirectInputEvents = YES;
				INFOPLIST_KEY_UILaunchScreen_Generation = YES;
				INFOPLIST_KEY_UISupportedInterfaceOrientations_iPad = "UIInterfaceOrientationPortrait UIInterfaceOrientationPortraitUpsideDown UIInterfaceOrientationLandscapeLeft UIInterfaceOrientationLandscapeRight";
				INFOPLIST_KEY_UISupportedInterfaceOrientations_iPhone = "UIInterfaceOrientationPortrait UIInterfaceOrientationLandscapeLeft UIInterfaceOrientationLandscapeRight";
				LD_RUNPATH_SEARCH_PATHS = (
					"$(inherited)",
					"@executable_path/Frameworks",
				);
				MARKETING_VERSION = 1.0;
				PRODUCT_BUNDLE_IDENTIFIER = com.beggA123.VisualisingData;
				PRODUCT_NAME = "$(TARGET_NAME)";
				SWIFT_EMIT_LOC_STRINGS = YES;
				SWIFT_VERSION = 5.0;
				TARGETED_DEVICE_FAMILY = "1,2";
			};
			name = Debug;
		};
		6BAC11EA27D0E99100963290 /* Release */ = {
			isa = XCBuildConfiguration;
			buildSettings = {
				ASSETCATALOG_COMPILER_APPICON_NAME = AppIcon;
				ASSETCATALOG_COMPILER_GLOBAL_ACCENT_COLOR_NAME = AccentColor;
				CODE_SIGN_STYLE = Automatic;
				CURRENT_PROJECT_VERSION = 1;
				DEVELOPMENT_ASSET_PATHS = "\"VisualisingData/Preview Content\"";
				ENABLE_PREVIEWS = YES;
				GENERATE_INFOPLIST_FILE = YES;
				INFOPLIST_KEY_UIApplicationSceneManifest_Generation = YES;
				INFOPLIST_KEY_UIApplicationSupportsIndirectInputEvents = YES;
				INFOPLIST_KEY_UILaunchScreen_Generation = YES;
				INFOPLIST_KEY_UISupportedInterfaceOrientations_iPad = "UIInterfaceOrientationPortrait UIInterfaceOrientationPortraitUpsideDown UIInterfaceOrientationLandscapeLeft UIInterfaceOrientationLandscapeRight";
				INFOPLIST_KEY_UISupportedInterfaceOrientations_iPhone = "UIInterfaceOrientationPortrait UIInterfaceOrientationLandscapeLeft UIInterfaceOrientationLandscapeRight";
				LD_RUNPATH_SEARCH_PATHS = (
					"$(inherited)",
					"@executable_path/Frameworks",
				);
				MARKETING_VERSION = 1.0;
				PRODUCT_BUNDLE_IDENTIFIER = com.beggA123.VisualisingData;
				PRODUCT_NAME = "$(TARGET_NAME)";
				SWIFT_EMIT_LOC_STRINGS = YES;
				SWIFT_VERSION = 5.0;
				TARGETED_DEVICE_FAMILY = "1,2";
			};
			name = Release;
		};
		6BAC11EC27D0E99100963290 /* Debug */ = {
			isa = XCBuildConfiguration;
			buildSettings = {
				ALWAYS_EMBED_SWIFT_STANDARD_LIBRARIES = YES;
				BUNDLE_LOADER = "$(TEST_HOST)";
				CODE_SIGN_STYLE = Automatic;
				CURRENT_PROJECT_VERSION = 1;
				GENERATE_INFOPLIST_FILE = YES;
				IPHONEOS_DEPLOYMENT_TARGET = 15.2;
				MARKETING_VERSION = 1.0;
				PRODUCT_BUNDLE_IDENTIFIER = com.beggA123.VisualisingDataTests;
				PRODUCT_NAME = "$(TARGET_NAME)";
				SWIFT_EMIT_LOC_STRINGS = NO;
				SWIFT_VERSION = 5.0;
				TARGETED_DEVICE_FAMILY = "1,2";
				TEST_HOST = "$(BUILT_PRODUCTS_DIR)/VisualisingData.app/VisualisingData";
			};
			name = Debug;
		};
		6BAC11ED27D0E99100963290 /* Release */ = {
			isa = XCBuildConfiguration;
			buildSettings = {
				ALWAYS_EMBED_SWIFT_STANDARD_LIBRARIES = YES;
				BUNDLE_LOADER = "$(TEST_HOST)";
				CODE_SIGN_STYLE = Automatic;
				CURRENT_PROJECT_VERSION = 1;
				GENERATE_INFOPLIST_FILE = YES;
				IPHONEOS_DEPLOYMENT_TARGET = 15.2;
				MARKETING_VERSION = 1.0;
				PRODUCT_BUNDLE_IDENTIFIER = com.beggA123.VisualisingDataTests;
				PRODUCT_NAME = "$(TARGET_NAME)";
				SWIFT_EMIT_LOC_STRINGS = NO;
				SWIFT_VERSION = 5.0;
				TARGETED_DEVICE_FAMILY = "1,2";
				TEST_HOST = "$(BUILT_PRODUCTS_DIR)/VisualisingData.app/VisualisingData";
			};
			name = Release;
		};
		6BAC11EF27D0E99100963290 /* Debug */ = {
			isa = XCBuildConfiguration;
			buildSettings = {
				ALWAYS_EMBED_SWIFT_STANDARD_LIBRARIES = YES;
				CODE_SIGN_STYLE = Automatic;
				CURRENT_PROJECT_VERSION = 1;
				GENERATE_INFOPLIST_FILE = YES;
				MARKETING_VERSION = 1.0;
				PRODUCT_BUNDLE_IDENTIFIER = com.beggA123.VisualisingDataUITests;
				PRODUCT_NAME = "$(TARGET_NAME)";
				SWIFT_EMIT_LOC_STRINGS = NO;
				SWIFT_VERSION = 5.0;
				TARGETED_DEVICE_FAMILY = "1,2";
				TEST_TARGET_NAME = VisualisingData;
			};
			name = Debug;
		};
		6BAC11F027D0E99100963290 /* Release */ = {
			isa = XCBuildConfiguration;
			buildSettings = {
				ALWAYS_EMBED_SWIFT_STANDARD_LIBRARIES = YES;
				CODE_SIGN_STYLE = Automatic;
				CURRENT_PROJECT_VERSION = 1;
				GENERATE_INFOPLIST_FILE = YES;
				MARKETING_VERSION = 1.0;
				PRODUCT_BUNDLE_IDENTIFIER = com.beggA123.VisualisingDataUITests;
				PRODUCT_NAME = "$(TARGET_NAME)";
				SWIFT_EMIT_LOC_STRINGS = NO;
				SWIFT_VERSION = 5.0;
				TARGETED_DEVICE_FAMILY = "1,2";
				TEST_TARGET_NAME = VisualisingData;
			};
			name = Release;
		};
/* End XCBuildConfiguration section */

/* Begin XCConfigurationList section */
		6BAC11BF27D0E98E00963290 /* Build configuration list for PBXProject "VisualisingData" */ = {
			isa = XCConfigurationList;
			buildConfigurations = (
				6BAC11E627D0E99100963290 /* Debug */,
				6BAC11E727D0E99100963290 /* Release */,
			);
			defaultConfigurationIsVisible = 0;
			defaultConfigurationName = Release;
		};
		6BAC11E827D0E99100963290 /* Build configuration list for PBXNativeTarget "VisualisingData" */ = {
			isa = XCConfigurationList;
			buildConfigurations = (
				6BAC11E927D0E99100963290 /* Debug */,
				6BAC11EA27D0E99100963290 /* Release */,
			);
			defaultConfigurationIsVisible = 0;
			defaultConfigurationName = Release;
		};
		6BAC11EB27D0E99100963290 /* Build configuration list for PBXNativeTarget "VisualisingDataTests" */ = {
			isa = XCConfigurationList;
			buildConfigurations = (
				6BAC11EC27D0E99100963290 /* Debug */,
				6BAC11ED27D0E99100963290 /* Release */,
			);
			defaultConfigurationIsVisible = 0;
			defaultConfigurationName = Release;
		};
		6BAC11EE27D0E99100963290 /* Build configuration list for PBXNativeTarget "VisualisingDataUITests" */ = {
			isa = XCConfigurationList;
			buildConfigurations = (
				6BAC11EF27D0E99100963290 /* Debug */,
				6BAC11F027D0E99100963290 /* Release */,
			);
			defaultConfigurationIsVisible = 0;
			defaultConfigurationName = Release;
		};
/* End XCConfigurationList section */
	};
	rootObject = 6BAC11BC27D0E98E00963290 /* Project object */;
}
